PODS:
  - GoogleMaps (7.0.0):
    - GoogleMaps/Maps (= 7.0.0)
  - GoogleMaps/Base (7.0.0)
  - GoogleMaps/Maps (7.0.0):
    - GoogleMaps/Base

DEPENDENCIES:
  - GoogleMaps (= 7.0.0)

SPEC REPOS:
  trunk:
    - GoogleMaps

SPEC CHECKSUMS:
  GoogleMaps: 6e9c923ca035989709fcb5771544fda4cc5fa2a4

PODFILE CHECKSUM: 3ae6a1b153ee7e596651d8436863d3384ad028a0

COCOAPODS: 1.11.3
