// !$*UTF8*$!
{
	archiveVersion = 1;
	classes = {
	};
	objectVersion = 55;
	objects = {

/* Begin PBXBuildFile section */
		41558699EC86FC28050BA611 /* Pods_Enable.framework in Frameworks */ = {isa = PBXBuildFile; fileRef = 6A11B032ED5684F2B46225F4 /* Pods_Enable.framework */; };
		7F6298BC2877663B00A550F4 /* UserProfile.m in Sources */ = {isa = PBXBuildFile; fileRef = 7F6298BB2877663B00A550F4 /* UserProfile.m */; };
		7F6298C028776BB600A550F4 /* Review.m in Sources */ = {isa = PBXBuildFile; fileRef = 7F6298BF28776BB600A550F4 /* Review.m */; };
		7F6298C328776DBD00A550F4 /* Location.m in Sources */ = {isa = PBXBuildFile; fileRef = 7F6298C228776DBD00A550F4 /* Location.m */; };
		7F6298CE28779C2C00A550F4 /* 3xTransparentLogo.png in Resources */ = {isa = PBXBuildFile; fileRef = 7F6298C928779C2C00A550F4 /* 3xTransparentLogo.png */; };
		7F6298CF28779C2C00A550F4 /* 2xSolidLogo.png in Resources */ = {isa = PBXBuildFile; fileRef = 7F6298CA28779C2C00A550F4 /* 2xSolidLogo.png */; };
		7F6298D128779C2C00A550F4 /* 3xSolidLogo.png in Resources */ = {isa = PBXBuildFile; fileRef = 7F6298CC28779C2C00A550F4 /* 3xSolidLogo.png */; };
		7F6298D228779C2C00A550F4 /* 2xTransparentLogo.png in Resources */ = {isa = PBXBuildFile; fileRef = 7F6298CD28779C2C00A550F4 /* 2xTransparentLogo.png */; };
		7F6298D52877A4BC00A550F4 /* ReviewByLocationViewController.m in Sources */ = {isa = PBXBuildFile; fileRef = 7F6298D42877A4BC00A550F4 /* ReviewByLocationViewController.m */; };
		7F6298D82877D3EB00A550F4 /* ComposeViewController.m in Sources */ = {isa = PBXBuildFile; fileRef = 7F6298D72877D3EB00A550F4 /* ComposeViewController.m */; };
		7F6298DB2878A01700A550F4 /* SummaryReviewTableViewCell.m in Sources */ = {isa = PBXBuildFile; fileRef = 7F6298DA2878A01700A550F4 /* SummaryReviewTableViewCell.m */; };
		7F6298DF287C99CB00A550F4 /* ReviewTableViewCell.m in Sources */ = {isa = PBXBuildFile; fileRef = 7F6298DD287C99CB00A550F4 /* ReviewTableViewCell.m */; };
		7F6298E0287C99CB00A550F4 /* ReviewTableViewCell.xib in Resources */ = {isa = PBXBuildFile; fileRef = 7F6298DE287C99CB00A550F4 /* ReviewTableViewCell.xib */; };
		7F6298E3287C9AAD00A550F4 /* ResultsView.m in Sources */ = {isa = PBXBuildFile; fileRef = 7F6298E2287C9AAD00A550F4 /* ResultsView.m */; };
		7F6298E5287C9AC000A550F4 /* ResultsView.xib in Resources */ = {isa = PBXBuildFile; fileRef = 7F6298E4287C9AC000A550F4 /* ResultsView.xib */; };
		7F6298F1287D1A7000A550F4 /* Utilities.m in Sources */ = {isa = PBXBuildFile; fileRef = 7F6298F0287D1A7000A550F4 /* Utilities.m */; };
		7F6738662891FEF000EEAC26 /* ThemeTracker.m in Sources */ = {isa = PBXBuildFile; fileRef = 7F6738652891FEF000EEAC26 /* ThemeTracker.m */; };
		7F67386C2894542B00EEAC26 /* ComposeTableViewCell.m in Sources */ = {isa = PBXBuildFile; fileRef = 7F67386B2894542A00EEAC26 /* ComposeTableViewCell.m */; };
		7F67386E28948B2D00EEAC26 /* InfoWindowView.xib in Resources */ = {isa = PBXBuildFile; fileRef = 7F67386D28948B2D00EEAC26 /* InfoWindowView.xib */; };
		7F6738712894ABBE00EEAC26 /* MainNavigationViewController.m in Sources */ = {isa = PBXBuildFile; fileRef = 7F6738702894ABBE00EEAC26 /* MainNavigationViewController.m */; };
		7F6E9DB028876D4C00EC4C27 /* Reachability.m in Sources */ = {isa = PBXBuildFile; fileRef = 7F6E9DAF28876D4C00EC4C27 /* Reachability.m */; };
		7F6E9DB328876D9E00EC4C27 /* SystemConfiguration.framework in Frameworks */ = {isa = PBXBuildFile; fileRef = 7F6E9DB228876D9E00EC4C27 /* SystemConfiguration.framework */; };
		7F841BF82876011600CBD922 /* LoginViewController.m in Sources */ = {isa = PBXBuildFile; fileRef = 7F841BF72876011600CBD922 /* LoginViewController.m */; };
		7F841BFB28762FA700CBD922 /* ProfileViewController.m in Sources */ = {isa = PBXBuildFile; fileRef = 7F841BFA28762FA700CBD922 /* ProfileViewController.m */; };
		7F8C5350288B9DB5007A18AA /* Themes.plist in Resources */ = {isa = PBXBuildFile; fileRef = 7F8C534F288B9DB5007A18AA /* Themes.plist */; };
		7FA7DEC02874A1A50080E4A9 /* AppDelegate.m in Sources */ = {isa = PBXBuildFile; fileRef = 7FA7DEBF2874A1A50080E4A9 /* AppDelegate.m */; };
		7FA7DEC32874A1A50080E4A9 /* SceneDelegate.m in Sources */ = {isa = PBXBuildFile; fileRef = 7FA7DEC22874A1A50080E4A9 /* SceneDelegate.m */; };
		7FA7DEC92874A1A50080E4A9 /* Main.storyboard in Resources */ = {isa = PBXBuildFile; fileRef = 7FA7DEC72874A1A50080E4A9 /* Main.storyboard */; };
		7FA7DECB2874A1A50080E4A9 /* Assets.xcassets in Resources */ = {isa = PBXBuildFile; fileRef = 7FA7DECA2874A1A50080E4A9 /* Assets.xcassets */; };
		7FA7DECE2874A1A50080E4A9 /* LaunchScreen.storyboard in Resources */ = {isa = PBXBuildFile; fileRef = 7FA7DECC2874A1A50080E4A9 /* LaunchScreen.storyboard */; };
		7FA7DED12874A1A50080E4A9 /* main.m in Sources */ = {isa = PBXBuildFile; fileRef = 7FA7DED02874A1A50080E4A9 /* main.m */; };
		7FA7DED82874A87A0080E4A9 /* Keys.plist in Resources */ = {isa = PBXBuildFile; fileRef = 7FA7DED72874A87A0080E4A9 /* Keys.plist */; };
		7FA7DEDC2874AE0F0080E4A9 /* MapView.xib in Resources */ = {isa = PBXBuildFile; fileRef = 7FA7DEDB2874AE0F0080E4A9 /* MapView.xib */; };
		7FA7DEDF2874AE3F0080E4A9 /* HomeViewController.m in Sources */ = {isa = PBXBuildFile; fileRef = 7FA7DEDE2874AE3F0080E4A9 /* HomeViewController.m */; };
		7FA7DEE22874AEB90080E4A9 /* MapView.m in Sources */ = {isa = PBXBuildFile; fileRef = 7FA7DEE12874AEB90080E4A9 /* MapView.m */; };
		7FD3FF1B288862F5005D857B /* InfoWindowView.m in Sources */ = {isa = PBXBuildFile; fileRef = 7FD3FF1A288862F5005D857B /* InfoWindowView.m */; };
		7FD3FF26288A10A6005D857B /* ProfileTableViewCell.m in Sources */ = {isa = PBXBuildFile; fileRef = 7FD3FF24288A10A6005D857B /* ProfileTableViewCell.m */; };
		7FD3FF27288A10A6005D857B /* ProfileTableViewCell.xib in Resources */ = {isa = PBXBuildFile; fileRef = 7FD3FF25288A10A6005D857B /* ProfileTableViewCell.xib */; };
		7FD3FF2A288B0172005D857B /* EnableBaseViewController.m in Sources */ = {isa = PBXBuildFile; fileRef = 7FD3FF29288B0172005D857B /* EnableBaseViewController.m */; };
		7FEC56342891ADDE004BE2BF /* ColorViewController.m in Sources */ = {isa = PBXBuildFile; fileRef = 7FEC56332891ADDE004BE2BF /* ColorViewController.m */; };
/* End PBXBuildFile section */

/* Begin PBXFileReference section */
		41F93252FB7EFAA887D947DF /* Pods-Enable.release.xcconfig */ = {isa = PBXFileReference; includeInIndex = 1; lastKnownFileType = text.xcconfig; name = "Pods-Enable.release.xcconfig"; path = "Target Support Files/Pods-Enable/Pods-Enable.release.xcconfig"; sourceTree = "<group>"; };
		6A11B032ED5684F2B46225F4 /* Pods_Enable.framework */ = {isa = PBXFileReference; explicitFileType = wrapper.framework; includeInIndex = 0; path = Pods_Enable.framework; sourceTree = BUILT_PRODUCTS_DIR; };
		79AB9D4698423F7E04353FE7 /* Pods-Enable.debug.xcconfig */ = {isa = PBXFileReference; includeInIndex = 1; lastKnownFileType = text.xcconfig; name = "Pods-Enable.debug.xcconfig"; path = "Target Support Files/Pods-Enable/Pods-Enable.debug.xcconfig"; sourceTree = "<group>"; };
		7F6298BB2877663B00A550F4 /* UserProfile.m */ = {isa = PBXFileReference; lastKnownFileType = sourcecode.c.objc; path = UserProfile.m; sourceTree = "<group>"; };
		7F6298BD2877664900A550F4 /* UserProfile.h */ = {isa = PBXFileReference; lastKnownFileType = sourcecode.c.h; path = UserProfile.h; sourceTree = "<group>"; };
		7F6298BE28776BA800A550F4 /* Review.h */ = {isa = PBXFileReference; lastKnownFileType = sourcecode.c.h; path = Review.h; sourceTree = "<group>"; };
		7F6298BF28776BB600A550F4 /* Review.m */ = {isa = PBXFileReference; lastKnownFileType = sourcecode.c.objc; path = Review.m; sourceTree = "<group>"; };
		7F6298C128776DAF00A550F4 /* Location.h */ = {isa = PBXFileReference; lastKnownFileType = sourcecode.c.h; path = Location.h; sourceTree = "<group>"; };
		7F6298C228776DBD00A550F4 /* Location.m */ = {isa = PBXFileReference; lastKnownFileType = sourcecode.c.objc; path = Location.m; sourceTree = "<group>"; };
		7F6298C928779C2C00A550F4 /* 3xTransparentLogo.png */ = {isa = PBXFileReference; lastKnownFileType = image.png; path = 3xTransparentLogo.png; sourceTree = "<group>"; };
		7F6298CA28779C2C00A550F4 /* 2xSolidLogo.png */ = {isa = PBXFileReference; lastKnownFileType = image.png; path = 2xSolidLogo.png; sourceTree = "<group>"; };
		7F6298CC28779C2C00A550F4 /* 3xSolidLogo.png */ = {isa = PBXFileReference; lastKnownFileType = image.png; path = 3xSolidLogo.png; sourceTree = "<group>"; };
		7F6298CD28779C2C00A550F4 /* 2xTransparentLogo.png */ = {isa = PBXFileReference; lastKnownFileType = image.png; path = 2xTransparentLogo.png; sourceTree = "<group>"; };
		7F6298D32877A4BC00A550F4 /* ReviewByLocationViewController.h */ = {isa = PBXFileReference; lastKnownFileType = sourcecode.c.h; path = ReviewByLocationViewController.h; sourceTree = "<group>"; };
		7F6298D42877A4BC00A550F4 /* ReviewByLocationViewController.m */ = {isa = PBXFileReference; lastKnownFileType = sourcecode.c.objc; path = ReviewByLocationViewController.m; sourceTree = "<group>"; };
		7F6298D62877D3EB00A550F4 /* ComposeViewController.h */ = {isa = PBXFileReference; lastKnownFileType = sourcecode.c.h; path = ComposeViewController.h; sourceTree = "<group>"; };
		7F6298D72877D3EB00A550F4 /* ComposeViewController.m */ = {isa = PBXFileReference; lastKnownFileType = sourcecode.c.objc; path = ComposeViewController.m; sourceTree = "<group>"; };
		7F6298D92878A01700A550F4 /* SummaryReviewTableViewCell.h */ = {isa = PBXFileReference; lastKnownFileType = sourcecode.c.h; path = SummaryReviewTableViewCell.h; sourceTree = "<group>"; };
		7F6298DA2878A01700A550F4 /* SummaryReviewTableViewCell.m */ = {isa = PBXFileReference; lastKnownFileType = sourcecode.c.objc; path = SummaryReviewTableViewCell.m; sourceTree = "<group>"; };
		7F6298DC287C99CB00A550F4 /* ReviewTableViewCell.h */ = {isa = PBXFileReference; lastKnownFileType = sourcecode.c.h; path = ReviewTableViewCell.h; sourceTree = "<group>"; };
		7F6298DD287C99CB00A550F4 /* ReviewTableViewCell.m */ = {isa = PBXFileReference; lastKnownFileType = sourcecode.c.objc; path = ReviewTableViewCell.m; sourceTree = "<group>"; };
		7F6298DE287C99CB00A550F4 /* ReviewTableViewCell.xib */ = {isa = PBXFileReference; lastKnownFileType = file.xib; path = ReviewTableViewCell.xib; sourceTree = "<group>"; };
		7F6298E1287C9AAD00A550F4 /* ResultsView.h */ = {isa = PBXFileReference; lastKnownFileType = sourcecode.c.h; path = ResultsView.h; sourceTree = "<group>"; };
		7F6298E2287C9AAD00A550F4 /* ResultsView.m */ = {isa = PBXFileReference; lastKnownFileType = sourcecode.c.objc; path = ResultsView.m; sourceTree = "<group>"; };
		7F6298E4287C9AC000A550F4 /* ResultsView.xib */ = {isa = PBXFileReference; lastKnownFileType = file.xib; path = ResultsView.xib; sourceTree = "<group>"; };
		7F6298EF287D1A7000A550F4 /* Utilities.h */ = {isa = PBXFileReference; fileEncoding = 4; lastKnownFileType = sourcecode.c.h; path = Utilities.h; sourceTree = "<group>"; };
		7F6298F0287D1A7000A550F4 /* Utilities.m */ = {isa = PBXFileReference; fileEncoding = 4; lastKnownFileType = sourcecode.c.objc; path = Utilities.m; sourceTree = "<group>"; };
		7F6738642891FEF000EEAC26 /* ThemeTracker.h */ = {isa = PBXFileReference; lastKnownFileType = sourcecode.c.h; path = ThemeTracker.h; sourceTree = "<group>"; };
		7F6738652891FEF000EEAC26 /* ThemeTracker.m */ = {isa = PBXFileReference; lastKnownFileType = sourcecode.c.objc; path = ThemeTracker.m; sourceTree = "<group>"; };
		7F67386A2894542A00EEAC26 /* ComposeTableViewCell.h */ = {isa = PBXFileReference; lastKnownFileType = sourcecode.c.h; path = ComposeTableViewCell.h; sourceTree = "<group>"; };
		7F67386B2894542A00EEAC26 /* ComposeTableViewCell.m */ = {isa = PBXFileReference; lastKnownFileType = sourcecode.c.objc; path = ComposeTableViewCell.m; sourceTree = "<group>"; };
		7F67386D28948B2D00EEAC26 /* InfoWindowView.xib */ = {isa = PBXFileReference; fileEncoding = 4; lastKnownFileType = file.xib; path = InfoWindowView.xib; sourceTree = "<group>"; };
		7F67386F2894ABBE00EEAC26 /* MainNavigationViewController.h */ = {isa = PBXFileReference; lastKnownFileType = sourcecode.c.h; path = MainNavigationViewController.h; sourceTree = "<group>"; };
		7F6738702894ABBE00EEAC26 /* MainNavigationViewController.m */ = {isa = PBXFileReference; lastKnownFileType = sourcecode.c.objc; path = MainNavigationViewController.m; sourceTree = "<group>"; };
		7F6E9DAF28876D4C00EC4C27 /* Reachability.m */ = {isa = PBXFileReference; lastKnownFileType = sourcecode.c.objc; path = Reachability.m; sourceTree = "<group>"; };
		7F6E9DB128876D6400EC4C27 /* Reachability.h */ = {isa = PBXFileReference; lastKnownFileType = sourcecode.c.h; path = Reachability.h; sourceTree = "<group>"; };
		7F6E9DB228876D9E00EC4C27 /* SystemConfiguration.framework */ = {isa = PBXFileReference; lastKnownFileType = wrapper.framework; name = SystemConfiguration.framework; path = System/Library/Frameworks/SystemConfiguration.framework; sourceTree = SDKROOT; };
		7F841BF62876011600CBD922 /* LoginViewController.h */ = {isa = PBXFileReference; lastKnownFileType = sourcecode.c.h; path = LoginViewController.h; sourceTree = "<group>"; };
		7F841BF72876011600CBD922 /* LoginViewController.m */ = {isa = PBXFileReference; lastKnownFileType = sourcecode.c.objc; path = LoginViewController.m; sourceTree = "<group>"; };
		7F841BF928762FA700CBD922 /* ProfileViewController.h */ = {isa = PBXFileReference; lastKnownFileType = sourcecode.c.h; path = ProfileViewController.h; sourceTree = "<group>"; };
		7F841BFA28762FA700CBD922 /* ProfileViewController.m */ = {isa = PBXFileReference; lastKnownFileType = sourcecode.c.objc; path = ProfileViewController.m; sourceTree = "<group>"; };
		7F8C534F288B9DB5007A18AA /* Themes.plist */ = {isa = PBXFileReference; lastKnownFileType = text.plist.xml; path = Themes.plist; sourceTree = "<group>"; };
		7FA7DEBB2874A1A50080E4A9 /* Enable.app */ = {isa = PBXFileReference; explicitFileType = wrapper.application; includeInIndex = 0; path = Enable.app; sourceTree = BUILT_PRODUCTS_DIR; };
		7FA7DEBE2874A1A50080E4A9 /* AppDelegate.h */ = {isa = PBXFileReference; lastKnownFileType = sourcecode.c.h; path = AppDelegate.h; sourceTree = "<group>"; };
		7FA7DEBF2874A1A50080E4A9 /* AppDelegate.m */ = {isa = PBXFileReference; lastKnownFileType = sourcecode.c.objc; path = AppDelegate.m; sourceTree = "<group>"; };
		7FA7DEC12874A1A50080E4A9 /* SceneDelegate.h */ = {isa = PBXFileReference; lastKnownFileType = sourcecode.c.h; path = SceneDelegate.h; sourceTree = "<group>"; };
		7FA7DEC22874A1A50080E4A9 /* SceneDelegate.m */ = {isa = PBXFileReference; lastKnownFileType = sourcecode.c.objc; path = SceneDelegate.m; sourceTree = "<group>"; };
		7FA7DEC82874A1A50080E4A9 /* Base */ = {isa = PBXFileReference; lastKnownFileType = file.storyboard; name = Base; path = Base.lproj/Main.storyboard; sourceTree = "<group>"; };
		7FA7DECA2874A1A50080E4A9 /* Assets.xcassets */ = {isa = PBXFileReference; lastKnownFileType = folder.assetcatalog; path = Assets.xcassets; sourceTree = "<group>"; };
		7FA7DECD2874A1A50080E4A9 /* Base */ = {isa = PBXFileReference; lastKnownFileType = file.storyboard; name = Base; path = Base.lproj/LaunchScreen.storyboard; sourceTree = "<group>"; };
		7FA7DECF2874A1A50080E4A9 /* Info.plist */ = {isa = PBXFileReference; lastKnownFileType = text.plist.xml; path = Info.plist; sourceTree = "<group>"; };
		7FA7DED02874A1A50080E4A9 /* main.m */ = {isa = PBXFileReference; lastKnownFileType = sourcecode.c.objc; path = main.m; sourceTree = "<group>"; };
		7FA7DED72874A87A0080E4A9 /* Keys.plist */ = {isa = PBXFileReference; lastKnownFileType = text.plist.xml; path = Keys.plist; sourceTree = "<group>"; };
		7FA7DEDB2874AE0F0080E4A9 /* MapView.xib */ = {isa = PBXFileReference; lastKnownFileType = file.xib; path = MapView.xib; sourceTree = "<group>"; };
		7FA7DEDD2874AE3F0080E4A9 /* HomeViewController.h */ = {isa = PBXFileReference; lastKnownFileType = sourcecode.c.h; path = HomeViewController.h; sourceTree = "<group>"; };
		7FA7DEDE2874AE3F0080E4A9 /* HomeViewController.m */ = {isa = PBXFileReference; lastKnownFileType = sourcecode.c.objc; path = HomeViewController.m; sourceTree = "<group>"; };
		7FA7DEE02874AEB90080E4A9 /* MapView.h */ = {isa = PBXFileReference; lastKnownFileType = sourcecode.c.h; path = MapView.h; sourceTree = "<group>"; };
		7FA7DEE12874AEB90080E4A9 /* MapView.m */ = {isa = PBXFileReference; lastKnownFileType = sourcecode.c.objc; path = MapView.m; sourceTree = "<group>"; };
		7FD3FF19288862F5005D857B /* InfoWindowView.h */ = {isa = PBXFileReference; lastKnownFileType = sourcecode.c.h; path = InfoWindowView.h; sourceTree = "<group>"; };
		7FD3FF1A288862F5005D857B /* InfoWindowView.m */ = {isa = PBXFileReference; lastKnownFileType = sourcecode.c.objc; path = InfoWindowView.m; sourceTree = "<group>"; };
		7FD3FF23288A10A6005D857B /* ProfileTableViewCell.h */ = {isa = PBXFileReference; lastKnownFileType = sourcecode.c.h; path = ProfileTableViewCell.h; sourceTree = "<group>"; };
		7FD3FF24288A10A6005D857B /* ProfileTableViewCell.m */ = {isa = PBXFileReference; lastKnownFileType = sourcecode.c.objc; path = ProfileTableViewCell.m; sourceTree = "<group>"; };
		7FD3FF25288A10A6005D857B /* ProfileTableViewCell.xib */ = {isa = PBXFileReference; lastKnownFileType = file.xib; path = ProfileTableViewCell.xib; sourceTree = "<group>"; };
		7FD3FF28288B0172005D857B /* EnableBaseViewController.h */ = {isa = PBXFileReference; lastKnownFileType = sourcecode.c.h; path = EnableBaseViewController.h; sourceTree = "<group>"; };
		7FD3FF29288B0172005D857B /* EnableBaseViewController.m */ = {isa = PBXFileReference; lastKnownFileType = sourcecode.c.objc; path = EnableBaseViewController.m; sourceTree = "<group>"; };
		7FEC56322891ADDE004BE2BF /* ColorViewController.h */ = {isa = PBXFileReference; lastKnownFileType = sourcecode.c.h; path = ColorViewController.h; sourceTree = "<group>"; };
		7FEC56332891ADDE004BE2BF /* ColorViewController.m */ = {isa = PBXFileReference; lastKnownFileType = sourcecode.c.objc; path = ColorViewController.m; sourceTree = "<group>"; };
/* End PBXFileReference section */

/* Begin PBXFrameworksBuildPhase section */
		7FA7DEB82874A1A50080E4A9 /* Frameworks */ = {
			isa = PBXFrameworksBuildPhase;
			buildActionMask = 2147483647;
			files = (
				7F6E9DB328876D9E00EC4C27 /* SystemConfiguration.framework in Frameworks */,
				41558699EC86FC28050BA611 /* Pods_Enable.framework in Frameworks */,
			);
			runOnlyForDeploymentPostprocessing = 0;
		};
/* End PBXFrameworksBuildPhase section */

/* Begin PBXGroup section */
		724CCB2007FB637C69E28CC1 /* Frameworks */ = {
			isa = PBXGroup;
			children = (
				7F6E9DB228876D9E00EC4C27 /* SystemConfiguration.framework */,
				6A11B032ED5684F2B46225F4 /* Pods_Enable.framework */,
			);
			name = Frameworks;
			sourceTree = "<group>";
		};
		7F6298BA2877662700A550F4 /* Models */ = {
			isa = PBXGroup;
			children = (
				7F6298BD2877664900A550F4 /* UserProfile.h */,
				7F6298BB2877663B00A550F4 /* UserProfile.m */,
				7F6298BE28776BA800A550F4 /* Review.h */,
				7F6298BF28776BB600A550F4 /* Review.m */,
				7F6298C128776DAF00A550F4 /* Location.h */,
				7F6298C228776DBD00A550F4 /* Location.m */,
			);
			path = Models;
			sourceTree = "<group>";
		};
		7F6298C828779C1500A550F4 /* Assets */ = {
			isa = PBXGroup;
			children = (
				7F6298CA28779C2C00A550F4 /* 2xSolidLogo.png */,
				7F6298CD28779C2C00A550F4 /* 2xTransparentLogo.png */,
				7F6298CC28779C2C00A550F4 /* 3xSolidLogo.png */,
				7F6298C928779C2C00A550F4 /* 3xTransparentLogo.png */,
			);
			path = Assets;
			sourceTree = "<group>";
		};
		7F6298EE287D1A3D00A550F4 /* Utilities */ = {
			isa = PBXGroup;
			children = (
				7F6298EF287D1A7000A550F4 /* Utilities.h */,
				7F6298F0287D1A7000A550F4 /* Utilities.m */,
				7F6E9DAF28876D4C00EC4C27 /* Reachability.m */,
				7F6E9DB128876D6400EC4C27 /* Reachability.h */,
				7F8C534F288B9DB5007A18AA /* Themes.plist */,
				7F6738642891FEF000EEAC26 /* ThemeTracker.h */,
				7F6738652891FEF000EEAC26 /* ThemeTracker.m */,
			);
			path = Utilities;
			sourceTree = "<group>";
		};
		7FA7DEB22874A1A50080E4A9 = {
			isa = PBXGroup;
			children = (
				7FA7DEBD2874A1A50080E4A9 /* Enable */,
				7FA7DEBC2874A1A50080E4A9 /* Products */,
				A7E5982B8A57FC84FEFFB572 /* Pods */,
				724CCB2007FB637C69E28CC1 /* Frameworks */,
			);
			sourceTree = "<group>";
		};
		7FA7DEBC2874A1A50080E4A9 /* Products */ = {
			isa = PBXGroup;
			children = (
				7FA7DEBB2874A1A50080E4A9 /* Enable.app */,
			);
			name = Products;
			sourceTree = "<group>";
		};
		7FA7DEBD2874A1A50080E4A9 /* Enable */ = {
			isa = PBXGroup;
			children = (
				7F6298EE287D1A3D00A550F4 /* Utilities */,
				7F6298C828779C1500A550F4 /* Assets */,
				7F6298BA2877662700A550F4 /* Models */,
				7FA7DEDA2874ADF70080E4A9 /* View Controllers */,
				7FA7DED92874ADE90080E4A9 /* Views */,
				7FA7DEBE2874A1A50080E4A9 /* AppDelegate.h */,
				7FA7DEBF2874A1A50080E4A9 /* AppDelegate.m */,
				7FA7DEC12874A1A50080E4A9 /* SceneDelegate.h */,
				7FA7DEC22874A1A50080E4A9 /* SceneDelegate.m */,
				7FA7DEC72874A1A50080E4A9 /* Main.storyboard */,
				7FA7DECA2874A1A50080E4A9 /* Assets.xcassets */,
				7FA7DECC2874A1A50080E4A9 /* LaunchScreen.storyboard */,
				7FA7DECF2874A1A50080E4A9 /* Info.plist */,
				7FA7DED02874A1A50080E4A9 /* main.m */,
				7FA7DED72874A87A0080E4A9 /* Keys.plist */,
			);
			path = Enable;
			sourceTree = "<group>";
		};
		7FA7DED92874ADE90080E4A9 /* Views */ = {
			isa = PBXGroup;
			children = (
				7FA7DEDB2874AE0F0080E4A9 /* MapView.xib */,
				7FA7DEE02874AEB90080E4A9 /* MapView.h */,
				7FA7DEE12874AEB90080E4A9 /* MapView.m */,
				7F6298D92878A01700A550F4 /* SummaryReviewTableViewCell.h */,
				7F6298DA2878A01700A550F4 /* SummaryReviewTableViewCell.m */,
				7F6298DE287C99CB00A550F4 /* ReviewTableViewCell.xib */,
				7F6298DC287C99CB00A550F4 /* ReviewTableViewCell.h */,
				7F6298DD287C99CB00A550F4 /* ReviewTableViewCell.m */,
				7F6298E4287C9AC000A550F4 /* ResultsView.xib */,
				7F6298E1287C9AAD00A550F4 /* ResultsView.h */,
				7F6298E2287C9AAD00A550F4 /* ResultsView.m */,
				7F67386D28948B2D00EEAC26 /* InfoWindowView.xib */,
				7FD3FF19288862F5005D857B /* InfoWindowView.h */,
				7FD3FF1A288862F5005D857B /* InfoWindowView.m */,
				7FD3FF23288A10A6005D857B /* ProfileTableViewCell.h */,
				7FD3FF24288A10A6005D857B /* ProfileTableViewCell.m */,
				7FD3FF25288A10A6005D857B /* ProfileTableViewCell.xib */,
				7F67386A2894542A00EEAC26 /* ComposeTableViewCell.h */,
				7F67386B2894542A00EEAC26 /* ComposeTableViewCell.m */,
			);
			path = Views;
			sourceTree = "<group>";
		};
		7FA7DEDA2874ADF70080E4A9 /* View Controllers */ = {
			isa = PBXGroup;
			children = (
				7FA7DEDD2874AE3F0080E4A9 /* HomeViewController.h */,
				7FA7DEDE2874AE3F0080E4A9 /* HomeViewController.m */,
				7FEC56322891ADDE004BE2BF /* ColorViewController.h */,
				7FEC56332891ADDE004BE2BF /* ColorViewController.m */,
				7F841BF62876011600CBD922 /* LoginViewController.h */,
				7F841BF72876011600CBD922 /* LoginViewController.m */,
				7F841BF928762FA700CBD922 /* ProfileViewController.h */,
				7F841BFA28762FA700CBD922 /* ProfileViewController.m */,
				7F6298D32877A4BC00A550F4 /* ReviewByLocationViewController.h */,
				7F6298D42877A4BC00A550F4 /* ReviewByLocationViewController.m */,
				7F6298D62877D3EB00A550F4 /* ComposeViewController.h */,
				7F6298D72877D3EB00A550F4 /* ComposeViewController.m */,
				7FD3FF28288B0172005D857B /* EnableBaseViewController.h */,
				7FD3FF29288B0172005D857B /* EnableBaseViewController.m */,
				7F67386F2894ABBE00EEAC26 /* MainNavigationViewController.h */,
				7F6738702894ABBE00EEAC26 /* MainNavigationViewController.m */,
			);
			path = "View Controllers";
			sourceTree = "<group>";
		};
		A7E5982B8A57FC84FEFFB572 /* Pods */ = {
			isa = PBXGroup;
			children = (
				79AB9D4698423F7E04353FE7 /* Pods-Enable.debug.xcconfig */,
				41F93252FB7EFAA887D947DF /* Pods-Enable.release.xcconfig */,
			);
			path = Pods;
			sourceTree = "<group>";
		};
/* End PBXGroup section */

/* Begin PBXNativeTarget section */
		7FA7DEBA2874A1A50080E4A9 /* Enable */ = {
			isa = PBXNativeTarget;
			buildConfigurationList = 7FA7DED42874A1A50080E4A9 /* Build configuration list for PBXNativeTarget "Enable" */;
			buildPhases = (
				E67F0988F05ABDF0783EE6FA /* [CP] Check Pods Manifest.lock */,
				7FA7DEB72874A1A50080E4A9 /* Sources */,
				7FA7DEB82874A1A50080E4A9 /* Frameworks */,
				7FA7DEB92874A1A50080E4A9 /* Resources */,
				917AEE6ACA9638DC5EAA0C7E /* [CP] Copy Pods Resources */,
				B65136900363E863BFAC28D6 /* [CP] Embed Pods Frameworks */,
			);
			buildRules = (
			);
			dependencies = (
			);
			name = Enable;
			productName = Enable;
			productReference = 7FA7DEBB2874A1A50080E4A9 /* Enable.app */;
			productType = "com.apple.product-type.application";
		};
/* End PBXNativeTarget section */

/* Begin PBXProject section */
		7FA7DEB32874A1A50080E4A9 /* Project object */ = {
			isa = PBXProject;
			attributes = {
				BuildIndependentTargetsInParallel = 1;
				LastUpgradeCheck = 1340;
				TargetAttributes = {
					7FA7DEBA2874A1A50080E4A9 = {
						CreatedOnToolsVersion = 13.4;
					};
				};
			};
			buildConfigurationList = 7FA7DEB62874A1A50080E4A9 /* Build configuration list for PBXProject "Enable" */;
			compatibilityVersion = "Xcode 13.0";
			developmentRegion = en;
			hasScannedForEncodings = 0;
			knownRegions = (
				en,
				Base,
			);
			mainGroup = 7FA7DEB22874A1A50080E4A9;
			productRefGroup = 7FA7DEBC2874A1A50080E4A9 /* Products */;
			projectDirPath = "";
			projectRoot = "";
			targets = (
				7FA7DEBA2874A1A50080E4A9 /* Enable */,
			);
		};
/* End PBXProject section */

/* Begin PBXResourcesBuildPhase section */
		7FA7DEB92874A1A50080E4A9 /* Resources */ = {
			isa = PBXResourcesBuildPhase;
			buildActionMask = 2147483647;
			files = (
				7F6298CF28779C2C00A550F4 /* 2xSolidLogo.png in Resources */,
				7F6298D228779C2C00A550F4 /* 2xTransparentLogo.png in Resources */,
				7FA7DECE2874A1A50080E4A9 /* LaunchScreen.storyboard in Resources */,
				7FD3FF27288A10A6005D857B /* ProfileTableViewCell.xib in Resources */,
				7F67386E28948B2D00EEAC26 /* InfoWindowView.xib in Resources */,
				7FA7DECB2874A1A50080E4A9 /* Assets.xcassets in Resources */,
				7F6298E5287C9AC000A550F4 /* ResultsView.xib in Resources */,
				7F6298D128779C2C00A550F4 /* 3xSolidLogo.png in Resources */,
				7FA7DED82874A87A0080E4A9 /* Keys.plist in Resources */,
				7F6298CE28779C2C00A550F4 /* 3xTransparentLogo.png in Resources */,
				7F8C5350288B9DB5007A18AA /* Themes.plist in Resources */,
				7FA7DEC92874A1A50080E4A9 /* Main.storyboard in Resources */,
				7FA7DEDC2874AE0F0080E4A9 /* MapView.xib in Resources */,
				7F6298E0287C99CB00A550F4 /* ReviewTableViewCell.xib in Resources */,
			);
			runOnlyForDeploymentPostprocessing = 0;
		};
/* End PBXResourcesBuildPhase section */

/* Begin PBXShellScriptBuildPhase section */
		917AEE6ACA9638DC5EAA0C7E /* [CP] Copy Pods Resources */ = {
			isa = PBXShellScriptBuildPhase;
			buildActionMask = 2147483647;
			files = (
			);
			inputFileListPaths = (
				"${PODS_ROOT}/Target Support Files/Pods-Enable/Pods-Enable-resources-${CONFIGURATION}-input-files.xcfilelist",
			);
			name = "[CP] Copy Pods Resources";
			outputFileListPaths = (
				"${PODS_ROOT}/Target Support Files/Pods-Enable/Pods-Enable-resources-${CONFIGURATION}-output-files.xcfilelist",
			);
			runOnlyForDeploymentPostprocessing = 0;
			shellPath = /bin/sh;
			shellScript = "\"${PODS_ROOT}/Target Support Files/Pods-Enable/Pods-Enable-resources.sh\"\n";
			showEnvVarsInLog = 0;
		};
		B65136900363E863BFAC28D6 /* [CP] Embed Pods Frameworks */ = {
			isa = PBXShellScriptBuildPhase;
			buildActionMask = 2147483647;
			files = (
			);
			inputFileListPaths = (
				"${PODS_ROOT}/Target Support Files/Pods-Enable/Pods-Enable-frameworks-${CONFIGURATION}-input-files.xcfilelist",
			);
			name = "[CP] Embed Pods Frameworks";
			outputFileListPaths = (
				"${PODS_ROOT}/Target Support Files/Pods-Enable/Pods-Enable-frameworks-${CONFIGURATION}-output-files.xcfilelist",
			);
			runOnlyForDeploymentPostprocessing = 0;
			shellPath = /bin/sh;
			shellScript = "\"${PODS_ROOT}/Target Support Files/Pods-Enable/Pods-Enable-frameworks.sh\"\n";
			showEnvVarsInLog = 0;
		};
		E67F0988F05ABDF0783EE6FA /* [CP] Check Pods Manifest.lock */ = {
			isa = PBXShellScriptBuildPhase;
			buildActionMask = 2147483647;
			files = (
			);
			inputFileListPaths = (
			);
			inputPaths = (
				"${PODS_PODFILE_DIR_PATH}/Podfile.lock",
				"${PODS_ROOT}/Manifest.lock",
			);
			name = "[CP] Check Pods Manifest.lock";
			outputFileListPaths = (
			);
			outputPaths = (
				"$(DERIVED_FILE_DIR)/Pods-Enable-checkManifestLockResult.txt",
			);
			runOnlyForDeploymentPostprocessing = 0;
			shellPath = /bin/sh;
			shellScript = "diff \"${PODS_PODFILE_DIR_PATH}/Podfile.lock\" \"${PODS_ROOT}/Manifest.lock\" > /dev/null\nif [ $? != 0 ] ; then\n    # print error to STDERR\n    echo \"error: The sandbox is not in sync with the Podfile.lock. Run 'pod install' or update your CocoaPods installation.\" >&2\n    exit 1\nfi\n# This output is used by Xcode 'outputs' to avoid re-running this script phase.\necho \"SUCCESS\" > \"${SCRIPT_OUTPUT_FILE_0}\"\n";
			showEnvVarsInLog = 0;
		};
/* End PBXShellScriptBuildPhase section */

/* Begin PBXSourcesBuildPhase section */
		7FA7DEB72874A1A50080E4A9 /* Sources */ = {
			isa = PBXSourcesBuildPhase;
			buildActionMask = 2147483647;
			files = (
				7FD3FF2A288B0172005D857B /* EnableBaseViewController.m in Sources */,
				7FA7DEC02874A1A50080E4A9 /* AppDelegate.m in Sources */,
				7F6298D52877A4BC00A550F4 /* ReviewByLocationViewController.m in Sources */,
				7F6298F1287D1A7000A550F4 /* Utilities.m in Sources */,
				7FA7DED12874A1A50080E4A9 /* main.m in Sources */,
				7F6738712894ABBE00EEAC26 /* MainNavigationViewController.m in Sources */,
				7F6298BC2877663B00A550F4 /* UserProfile.m in Sources */,
				7F6738662891FEF000EEAC26 /* ThemeTracker.m in Sources */,
				7F841BF82876011600CBD922 /* LoginViewController.m in Sources */,
				7FD3FF1B288862F5005D857B /* InfoWindowView.m in Sources */,
				7F6298E3287C9AAD00A550F4 /* ResultsView.m in Sources */,
				7F6298C328776DBD00A550F4 /* Location.m in Sources */,
				7FD3FF26288A10A6005D857B /* ProfileTableViewCell.m in Sources */,
				7FA7DEC32874A1A50080E4A9 /* SceneDelegate.m in Sources */,
				7F6E9DB028876D4C00EC4C27 /* Reachability.m in Sources */,
				7F841BFB28762FA700CBD922 /* ProfileViewController.m in Sources */,
				7FA7DEDF2874AE3F0080E4A9 /* HomeViewController.m in Sources */,
				7F6298D82877D3EB00A550F4 /* ComposeViewController.m in Sources */,
				7F67386C2894542B00EEAC26 /* ComposeTableViewCell.m in Sources */,
				7FA7DEE22874AEB90080E4A9 /* MapView.m in Sources */,
				7F6298DF287C99CB00A550F4 /* ReviewTableViewCell.m in Sources */,
				7F6298DB2878A01700A550F4 /* SummaryReviewTableViewCell.m in Sources */,
				7F6298C028776BB600A550F4 /* Review.m in Sources */,
				7FEC56342891ADDE004BE2BF /* ColorViewController.m in Sources */,
			);
			runOnlyForDeploymentPostprocessing = 0;
		};
/* End PBXSourcesBuildPhase section */

/* Begin PBXVariantGroup section */
		7FA7DEC72874A1A50080E4A9 /* Main.storyboard */ = {
			isa = PBXVariantGroup;
			children = (
				7FA7DEC82874A1A50080E4A9 /* Base */,
			);
			name = Main.storyboard;
			sourceTree = "<group>";
		};
		7FA7DECC2874A1A50080E4A9 /* LaunchScreen.storyboard */ = {
			isa = PBXVariantGroup;
			children = (
				7FA7DECD2874A1A50080E4A9 /* Base */,
			);
			name = LaunchScreen.storyboard;
			sourceTree = "<group>";
		};
/* End PBXVariantGroup section */

/* Begin XCBuildConfiguration section */
		7FA7DED22874A1A50080E4A9 /* Debug */ = {
			isa = XCBuildConfiguration;
			buildSettings = {
				ALWAYS_SEARCH_USER_PATHS = NO;
				CLANG_ANALYZER_NONNULL = YES;
				CLANG_ANALYZER_NUMBER_OBJECT_CONVERSION = YES_AGGRESSIVE;
				CLANG_CXX_LANGUAGE_STANDARD = "gnu++17";
				CLANG_ENABLE_MODULES = YES;
				CLANG_ENABLE_OBJC_ARC = YES;
				CLANG_ENABLE_OBJC_WEAK = YES;
				CLANG_WARN_BLOCK_CAPTURE_AUTORELEASING = YES;
				CLANG_WARN_BOOL_CONVERSION = YES;
				CLANG_WARN_COMMA = YES;
				CLANG_WARN_CONSTANT_CONVERSION = YES;
				CLANG_WARN_DEPRECATED_OBJC_IMPLEMENTATIONS = YES;
				CLANG_WARN_DIRECT_OBJC_ISA_USAGE = YES_ERROR;
				CLANG_WARN_DOCUMENTATION_COMMENTS = YES;
				CLANG_WARN_EMPTY_BODY = YES;
				CLANG_WARN_ENUM_CONVERSION = YES;
				CLANG_WARN_INFINITE_RECURSION = YES;
				CLANG_WARN_INT_CONVERSION = YES;
				CLANG_WARN_NON_LITERAL_NULL_CONVERSION = YES;
				CLANG_WARN_OBJC_IMPLICIT_RETAIN_SELF = YES;
				CLANG_WARN_OBJC_LITERAL_CONVERSION = YES;
				CLANG_WARN_OBJC_ROOT_CLASS = YES_ERROR;
				CLANG_WARN_QUOTED_INCLUDE_IN_FRAMEWORK_HEADER = YES;
				CLANG_WARN_RANGE_LOOP_ANALYSIS = YES;
				CLANG_WARN_STRICT_PROTOTYPES = YES;
				CLANG_WARN_SUSPICIOUS_MOVE = YES;
				CLANG_WARN_UNGUARDED_AVAILABILITY = YES_AGGRESSIVE;
				CLANG_WARN_UNREACHABLE_CODE = YES;
				CLANG_WARN__DUPLICATE_METHOD_MATCH = YES;
				COPY_PHASE_STRIP = NO;
				DEBUG_INFORMATION_FORMAT = dwarf;
				ENABLE_STRICT_OBJC_MSGSEND = YES;
				ENABLE_TESTABILITY = YES;
				"EXCLUDED_ARCHS[sdk=iphonesimulator*]" = arm64;
				GCC_C_LANGUAGE_STANDARD = gnu11;
				GCC_DYNAMIC_NO_PIC = NO;
				GCC_NO_COMMON_BLOCKS = YES;
				GCC_OPTIMIZATION_LEVEL = 0;
				GCC_PREPROCESSOR_DEFINITIONS = (
					"DEBUG=1",
					"$(inherited)",
				);
				GCC_WARN_64_TO_32_BIT_CONVERSION = YES;
				GCC_WARN_ABOUT_RETURN_TYPE = YES_ERROR;
				GCC_WARN_UNDECLARED_SELECTOR = YES;
				GCC_WARN_UNINITIALIZED_AUTOS = YES_AGGRESSIVE;
				GCC_WARN_UNUSED_FUNCTION = YES;
				GCC_WARN_UNUSED_VARIABLE = YES;
				IPHONEOS_DEPLOYMENT_TARGET = 14.0;
				MTL_ENABLE_DEBUG_INFO = INCLUDE_SOURCE;
				MTL_FAST_MATH = YES;
				ONLY_ACTIVE_ARCH = YES;
				SDKROOT = iphoneos;
				VALIDATE_PRODUCT = NO;
			};
			name = Debug;
		};
		7FA7DED32874A1A50080E4A9 /* Release */ = {
			isa = XCBuildConfiguration;
			buildSettings = {
				ALWAYS_SEARCH_USER_PATHS = NO;
				CLANG_ANALYZER_NONNULL = YES;
				CLANG_ANALYZER_NUMBER_OBJECT_CONVERSION = YES_AGGRESSIVE;
				CLANG_CXX_LANGUAGE_STANDARD = "gnu++17";
				CLANG_ENABLE_MODULES = YES;
				CLANG_ENABLE_OBJC_ARC = YES;
				CLANG_ENABLE_OBJC_WEAK = YES;
				CLANG_WARN_BLOCK_CAPTURE_AUTORELEASING = YES;
				CLANG_WARN_BOOL_CONVERSION = YES;
				CLANG_WARN_COMMA = YES;
				CLANG_WARN_CONSTANT_CONVERSION = YES;
				CLANG_WARN_DEPRECATED_OBJC_IMPLEMENTATIONS = YES;
				CLANG_WARN_DIRECT_OBJC_ISA_USAGE = YES_ERROR;
				CLANG_WARN_DOCUMENTATION_COMMENTS = YES;
				CLANG_WARN_EMPTY_BODY = YES;
				CLANG_WARN_ENUM_CONVERSION = YES;
				CLANG_WARN_INFINITE_RECURSION = YES;
				CLANG_WARN_INT_CONVERSION = YES;
				CLANG_WARN_NON_LITERAL_NULL_CONVERSION = YES;
				CLANG_WARN_OBJC_IMPLICIT_RETAIN_SELF = YES;
				CLANG_WARN_OBJC_LITERAL_CONVERSION = YES;
				CLANG_WARN_OBJC_ROOT_CLASS = YES_ERROR;
				CLANG_WARN_QUOTED_INCLUDE_IN_FRAMEWORK_HEADER = YES;
				CLANG_WARN_RANGE_LOOP_ANALYSIS = YES;
				CLANG_WARN_STRICT_PROTOTYPES = YES;
				CLANG_WARN_SUSPICIOUS_MOVE = YES;
				CLANG_WARN_UNGUARDED_AVAILABILITY = YES_AGGRESSIVE;
				CLANG_WARN_UNREACHABLE_CODE = YES;
				CLANG_WARN__DUPLICATE_METHOD_MATCH = YES;
				COPY_PHASE_STRIP = NO;
				DEBUG_INFORMATION_FORMAT = "dwarf-with-dsym";
				ENABLE_NS_ASSERTIONS = NO;
				ENABLE_STRICT_OBJC_MSGSEND = YES;
				GCC_C_LANGUAGE_STANDARD = gnu11;
				GCC_NO_COMMON_BLOCKS = YES;
				GCC_WARN_64_TO_32_BIT_CONVERSION = YES;
				GCC_WARN_ABOUT_RETURN_TYPE = YES_ERROR;
				GCC_WARN_UNDECLARED_SELECTOR = YES;
				GCC_WARN_UNINITIALIZED_AUTOS = YES_AGGRESSIVE;
				GCC_WARN_UNUSED_FUNCTION = YES;
				GCC_WARN_UNUSED_VARIABLE = YES;
				IPHONEOS_DEPLOYMENT_TARGET = 14.0;
				MTL_ENABLE_DEBUG_INFO = NO;
				MTL_FAST_MATH = YES;
				SDKROOT = iphoneos;
				VALIDATE_PRODUCT = YES;
			};
			name = Release;
		};
		7FA7DED52874A1A50080E4A9 /* Debug */ = {
			isa = XCBuildConfiguration;
			baseConfigurationReference = 79AB9D4698423F7E04353FE7 /* Pods-Enable.debug.xcconfig */;
			buildSettings = {
				ASSETCATALOG_COMPILER_APPICON_NAME = AppIcon;
				ASSETCATALOG_COMPILER_GLOBAL_ACCENT_COLOR_NAME = AccentColor;
				CODE_SIGN_STYLE = Automatic;
				CURRENT_PROJECT_VERSION = 1;
				DEVELOPMENT_TEAM = 9K9T7NS3GJ;
				GENERATE_INFOPLIST_FILE = YES;
				INFOPLIST_FILE = Enable/Info.plist;
				INFOPLIST_KEY_UIApplicationSupportsIndirectInputEvents = YES;
				INFOPLIST_KEY_UILaunchStoryboardName = LaunchScreen;
				INFOPLIST_KEY_UIMainStoryboardFile = Main;
				INFOPLIST_KEY_UISupportedInterfaceOrientations_iPad = "UIInterfaceOrientationPortrait UIInterfaceOrientationPortraitUpsideDown UIInterfaceOrientationLandscapeLeft UIInterfaceOrientationLandscapeRight";
				INFOPLIST_KEY_UISupportedInterfaceOrientations_iPhone = "UIInterfaceOrientationPortrait UIInterfaceOrientationLandscapeLeft UIInterfaceOrientationLandscapeRight";
				LD_RUNPATH_SEARCH_PATHS = (
					"$(inherited)",
					"@executable_path/Frameworks",
				);
				MARKETING_VERSION = 1.0;
				ONLY_ACTIVE_ARCH = YES;
				PRODUCT_BUNDLE_IDENTIFIER = MetaU.Enable;
				PRODUCT_NAME = "$(TARGET_NAME)";
				SWIFT_EMIT_LOC_STRINGS = YES;
				TARGETED_DEVICE_FAMILY = "1,2";
				VALIDATE_WORKSPACE = YES;
			};
			name = Debug;
		};
		7FA7DED62874A1A50080E4A9 /* Release */ = {
			isa = XCBuildConfiguration;
			baseConfigurationReference = 41F93252FB7EFAA887D947DF /* Pods-Enable.release.xcconfig */;
			buildSettings = {
				ASSETCATALOG_COMPILER_APPICON_NAME = AppIcon;
				ASSETCATALOG_COMPILER_GLOBAL_ACCENT_COLOR_NAME = AccentColor;
				CODE_SIGN_STYLE = Automatic;
				CURRENT_PROJECT_VERSION = 1;
				DEVELOPMENT_TEAM = 9K9T7NS3GJ;
				GENERATE_INFOPLIST_FILE = YES;
				INFOPLIST_FILE = Enable/Info.plist;
				INFOPLIST_KEY_UIApplicationSupportsIndirectInputEvents = YES;
				INFOPLIST_KEY_UILaunchStoryboardName = LaunchScreen;
				INFOPLIST_KEY_UIMainStoryboardFile = Main;
				INFOPLIST_KEY_UISupportedInterfaceOrientations_iPad = "UIInterfaceOrientationPortrait UIInterfaceOrientationPortraitUpsideDown UIInterfaceOrientationLandscapeLeft UIInterfaceOrientationLandscapeRight";
				INFOPLIST_KEY_UISupportedInterfaceOrientations_iPhone = "UIInterfaceOrientationPortrait UIInterfaceOrientationLandscapeLeft UIInterfaceOrientationLandscapeRight";
				LD_RUNPATH_SEARCH_PATHS = (
					"$(inherited)",
					"@executable_path/Frameworks",
				);
				MARKETING_VERSION = 1.0;
				ONLY_ACTIVE_ARCH = YES;
				PRODUCT_BUNDLE_IDENTIFIER = MetaU.Enable;
				PRODUCT_NAME = "$(TARGET_NAME)";
				SWIFT_EMIT_LOC_STRINGS = YES;
				TARGETED_DEVICE_FAMILY = "1,2";
				VALIDATE_WORKSPACE = YES;
			};
			name = Release;
		};
/* End XCBuildConfiguration section */

/* Begin XCConfigurationList section */
		7FA7DEB62874A1A50080E4A9 /* Build configuration list for PBXProject "Enable" */ = {
			isa = XCConfigurationList;
			buildConfigurations = (
				7FA7DED22874A1A50080E4A9 /* Debug */,
				7FA7DED32874A1A50080E4A9 /* Release */,
			);
			defaultConfigurationIsVisible = 0;
			defaultConfigurationName = Release;
		};
		7FA7DED42874A1A50080E4A9 /* Build configuration list for PBXNativeTarget "Enable" */ = {
			isa = XCConfigurationList;
			buildConfigurations = (
				7FA7DED52874A1A50080E4A9 /* Debug */,
				7FA7DED62874A1A50080E4A9 /* Release */,
			);
			defaultConfigurationIsVisible = 0;
			defaultConfigurationName = Release;
		};
/* End XCConfigurationList section */
	};
	rootObject = 7FA7DEB32874A1A50080E4A9 /* Project object */;
}
